
Microsoft Visual Studio Solution File, Format Version 12.00
# Visual Studio Version 17
VisualStudioVersion = 17.2.32616.157
MinimumVisualStudioVersion = 10.0.40219.1
Project("{FAE04EC0-301F-11D3-BF4B-00C04F79EFBC}") = "bub-bot", "bub-bot\bub-bot.csproj", "{46FD5A56-BD39-4CF2-8987-173F01828C47}"
EndProject
Global
	GlobalSection(SolutionConfigurationPlatforms) = preSolution
		Debug|Any CPU = Debug|Any CPU
		Release|Any CPU = Release|Any CPU
	EndGlobalSection
	GlobalSection(ProjectConfigurationPlatforms) = postSolution
		{46FD5A56-BD39-4CF2-8987-173F01828C47}.Debug|Any CPU.ActiveCfg = Debug|Any CPU
		{46FD5A56-BD39-4CF2-8987-173F01828C47}.Debug|Any CPU.Build.0 = Debug|Any CPU
		{46FD5A56-BD39-4CF2-8987-173F01828C47}.Release|Any CPU.ActiveCfg = Release|Any CPU
		{46FD5A56-BD39-4CF2-8987-173F01828C47}.Release|Any CPU.Build.0 = Release|Any CPU
	EndGlobalSection
	GlobalSection(SolutionProperties) = preSolution
		HideSolutionNode = FALSE
	EndGlobalSection
	GlobalSection(ExtensibilityGlobals) = postSolution
		SolutionGuid = {1F4F472C-20AC-451F-8F0F-21B782B92DD0}
	EndGlobalSection
EndGlobal
